
Microsoft Visual Studio Solution File, Format Version 12.00
Project("{FAE04EC0-301F-11D3-BF4B-00C04F79EFBC}") = "Haruka.Common", "Haruka.Common.csproj", "{B68A3F05-4585-44A6-9060-145978943DB4}"
EndProject
Global
	GlobalSection(SolutionConfigurationPlatforms) = preSolution
		Debug|Any CPU = Debug|Any CPU
		Release|Any CPU = Release|Any CPU
	EndGlobalSection
	GlobalSection(ProjectConfigurationPlatforms) = postSolution
		{B68A3F05-4585-44A6-9060-145978943DB4}.Debug|Any CPU.ActiveCfg = Debug|Any CPU
		{B68A3F05-4585-44A6-9060-145978943DB4}.Debug|Any CPU.Build.0 = Debug|Any CPU
		{B68A3F05-4585-44A6-9060-145978943DB4}.Release|Any CPU.ActiveCfg = Release|Any CPU
		{B68A3F05-4585-44A6-9060-145978943DB4}.Release|Any CPU.Build.0 = Release|Any CPU
	EndGlobalSection
EndGlobal
