<?xml version="1.0" encoding="utf-8"?>
<Project ToolsVersion="17.0" xmlns="http://schemas.microsoft.com/developer/msbuild/2003">
  <ItemGroup>
    <CustomBuild Include="D:\myEmulationStation\amber-es\.worktrees\lahee-integration\CMakeFiles\0ddfc6a7b2798f1ef8ddd167459eaf88\INSTALL_force.rule">
      <Filter>CMake Rules</Filter>
    </CustomBuild>
  </ItemGroup>
  <ItemGroup>
    <Filter Include="CMake Rules">
      <UniqueIdentifier>{D967A350-2F32-337F-90F8-053C4852FC25}</UniqueIdentifier>
    </Filter>
  </ItemGroup>
</Project>
